
Microsoft Visual Studio Solution File, Format Version 12.00
# Visual Studio Version 17
VisualStudioVersion = 17.0.31903.59
MinimumVisualStudioVersion = 10.0.40219.1
Project("{FAE04EC0-301F-11D3-BF4B-00C04F79EFBC}") = "Dox", "Dox\Dox.csproj", "{068A310F-8CBE-482A-A438-3C2C736D2BC1}"
EndProject
Global
	GlobalSection(SolutionConfigurationPlatforms) = preSolution
		Debug|Any CPU = Debug|Any CPU
		Release|Any CPU = Release|Any CPU
	EndGlobalSection
	GlobalSection(SolutionProperties) = preSolution
		HideSolutionNode = FALSE
	EndGlobalSection
	GlobalSection(ProjectConfigurationPlatforms) = postSolution
		{068A310F-8CBE-482A-A438-3C2C736D2BC1}.Debug|Any CPU.ActiveCfg = Debug|Any CPU
		{068A310F-8CBE-482A-A438-3C2C736D2BC1}.Debug|Any CPU.Build.0 = Debug|Any CPU
		{068A310F-8CBE-482A-A438-3C2C736D2BC1}.Release|Any CPU.ActiveCfg = Release|Any CPU
		{068A310F-8CBE-482A-A438-3C2C736D2BC1}.Release|Any CPU.Build.0 = Release|Any CPU
	EndGlobalSection
EndGlobal
